
Microsoft Visual Studio Solution File, Format Version 12.00
# Visual Studio Version 16
VisualStudioVersion = 16.0.30002.166
MinimumVisualStudioVersion = 10.0.40219.1
Project("{FAE04EC0-301F-11D3-BF4B-00C04F79EFBC}") = "GameOfLife", "GameOfLife\GameOfLife.csproj", "{05262F3C-BDD1-452C-B53E-9A2149D14661}"
EndProject
Global
	GlobalSection(SolutionConfigurationPlatforms) = preSolution
		Debug|Any CPU = Debug|Any CPU
		Release|Any CPU = Release|Any CPU
	EndGlobalSection
	GlobalSection(ProjectConfigurationPlatforms) = postSolution
		{05262F3C-BDD1-452C-B53E-9A2149D14661}.Debug|Any CPU.ActiveCfg = Debug|Any CPU
		{05262F3C-BDD1-452C-B53E-9A2149D14661}.Debug|Any CPU.Build.0 = Debug|Any CPU
		{05262F3C-BDD1-452C-B53E-9A2149D14661}.Release|Any CPU.ActiveCfg = Release|Any CPU
		{05262F3C-BDD1-452C-B53E-9A2149D14661}.Release|Any CPU.Build.0 = Release|Any CPU
	EndGlobalSection
	GlobalSection(SolutionProperties) = preSolution
		HideSolutionNode = FALSE
	EndGlobalSection
	GlobalSection(ExtensibilityGlobals) = postSolution
		SolutionGuid = {D9F23725-D9C6-40D4-A3CE-03687339B85A}
	EndGlobalSection
EndGlobal
